PODS:
  - Alamofire (5.4.1)
  - Capacitor (5.7.5):
    - CapacitorCordova
  - CapacitorApp (5.0.7):
    - Capacitor
  - CapacitorAppLauncher (5.0.7):
    - Capacitor
  - CapacitorCommunityHttp (1.4.1):
    - Capacitor
  - CapacitorCordova (5.7.5)
  - CapacitorFilesystem (5.1.4):
    - Capacitor
  - CapacitorHaptics (5.0.7):
    - Capacitor
  - CapacitorKeyboard (5.0.7):
    - Capacitor
  - CapacitorPreferences (5.0.7):
    - Capacitor
  - CapacitorRateApp (4.0.3):
    - Capacitor
  - CapacitorShare (5.0.7):
    - Capacitor
  - CapacitorStatusBar (5.0.7):
    - Capacitor
  - CapgoCapacitorUpdater (5.3.57):
    - Alamofire
    - Capacitor
    - SSZipArchive
    - Version
  - SSZipArchive (2.4.3)
  - Version (0.8.0)

DEPENDENCIES:
  - "Capacitor (from `../../../../../node_modules/@capacitor/ios`)"
  - "CapacitorApp (from `../../../../../node_modules/@capacitor/app`)"
  - "CapacitorAppLauncher (from `../../../../../node_modules/@capacitor/app-launcher`)"
  - "CapacitorCommunityHttp (from `../../../../../node_modules/@capacitor-community/http`)"
  - "CapacitorCordova (from `../../../../../node_modules/@capacitor/ios`)"
  - "CapacitorFilesystem (from `../../../../../node_modules/@capacitor/filesystem`)"
  - "CapacitorHaptics (from `../../../../../node_modules/@capacitor/haptics`)"
  - "CapacitorKeyboard (from `../../../../../node_modules/@capacitor/keyboard`)"
  - "CapacitorPreferences (from `../../../../../node_modules/@capacitor/preferences`)"
  - CapacitorRateApp (from `../../../../../node_modules/capacitor-rate-app`)
  - "CapacitorShare (from `../../../../../node_modules/@capacitor/share`)"
  - "CapacitorStatusBar (from `../../../../../node_modules/@capacitor/status-bar`)"
  - "CapgoCapacitorUpdater (from `../../../../../node_modules/@capgo/capacitor-updater`)"

SPEC REPOS:
  trunk:
    - Alamofire
    - SSZipArchive
    - Version

EXTERNAL SOURCES:
  Capacitor:
    :path: "../../../../../node_modules/@capacitor/ios"
  CapacitorApp:
    :path: "../../../../../node_modules/@capacitor/app"
  CapacitorAppLauncher:
    :path: "../../../../../node_modules/@capacitor/app-launcher"
  CapacitorCommunityHttp:
    :path: "../../../../../node_modules/@capacitor-community/http"
  CapacitorCordova:
    :path: "../../../../../node_modules/@capacitor/ios"
  CapacitorFilesystem:
    :path: "../../../../../node_modules/@capacitor/filesystem"
  CapacitorHaptics:
    :path: "../../../../../node_modules/@capacitor/haptics"
  CapacitorKeyboard:
    :path: "../../../../../node_modules/@capacitor/keyboard"
  CapacitorPreferences:
    :path: "../../../../../node_modules/@capacitor/preferences"
  CapacitorRateApp:
    :path: "../../../../../node_modules/capacitor-rate-app"
  CapacitorShare:
    :path: "../../../../../node_modules/@capacitor/share"
  CapacitorStatusBar:
    :path: "../../../../../node_modules/@capacitor/status-bar"
  CapgoCapacitorUpdater:
    :path: "../../../../../node_modules/@capgo/capacitor-updater"

SPEC CHECKSUMS:
  Alamofire: 2291f7d21ca607c491dd17642e5d40fdcda0e65c
  Capacitor: 7a18af881e4be18578381ae43aa860b20a5905d6
  CapacitorApp: b23ce4279972fa24721b9ad7aefdf05e36c29db7
  CapacitorAppLauncher: 3c24de236f37bf7ab79e90ecf5576f962cc7d99e
  CapacitorCommunityHttp: 7eba71da94e070e37a26a60483350285a33e3903
  CapacitorCordova: c946a6052b547e1e185fc46862003f7b9130ead1
  CapacitorFilesystem: e75468db4353d254b2fbae481d26a3d40c10d0f5
  CapacitorHaptics: 85a1ecd1d3026089642518d789f0fb81fe93cf80
  CapacitorKeyboard: 7998987a2d8719967f0fec2508ea13244b7630b7
  CapacitorPreferences: cbf7f033bd08dd33b07090fe9ff54344dc02d6e2
  CapacitorRateApp: 20928fa996851647e912bbf119af59a48a171712
  CapacitorShare: 3cdbe767398f9d73a556e5b71fc1106d7686dfb7
  CapacitorStatusBar: 37ca5200a1791340c519239521ec2519d384eacb
  CapgoCapacitorUpdater: 0c08d989a490f2a1badadbe842f67338151b40fc
  SSZipArchive: fe6a26b2a54d5a0890f2567b5cc6de5caa600aef
  Version: de5907f2c5d0f3cf21708db7801d1d5401139486

PODFILE CHECKSUM: 0ab19c2ff2793d13698b8066eecad7171166e79a

COCOAPODS: 1.16.2
