PODS:
  - Alamofire (5.10.2)
  - Capacitor (6.2.1):
    - CapacitorCordova
  - CapacitorApp (6.0.2):
    - Capacitor
  - CapacitorAppLauncher (6.0.3):
    - Capacitor
  - CapacitorCordova (6.2.1)
  - CapacitorFilesystem (6.0.3):
    - Capacitor
  - CapacitorHaptics (6.0.2):
    - Capacitor
  - CapacitorKeyboard (6.0.3):
    - Capacitor
  - CapacitorPreferences (6.0.3):
    - Capacitor
  - CapacitorRateApp (4.0.3):
    - Capacitor
  - CapacitorShare (6.0.3):
    - Capacitor
  - CapacitorStatusBar (6.0.2):
    - Capacitor
  - CapgoCapacitorUpdater (6.14.0):
    - Alamofire
    - Capacitor
    - SSZipArchive (= 2.4.3)
    - Version
  - SSZipArchive (2.4.3)
  - Version (0.8.0)

DEPENDENCIES:
  - "Capacitor (from `../../../../../node_modules/@capacitor/ios`)"
  - "CapacitorApp (from `../../../../../node_modules/@capacitor/app`)"
  - "CapacitorAppLauncher (from `../../../../../node_modules/@capacitor/app-launcher`)"
  - "CapacitorCordova (from `../../../../../node_modules/@capacitor/ios`)"
  - "CapacitorFilesystem (from `../../../../../node_modules/@capacitor/filesystem`)"
  - "CapacitorHaptics (from `../../../../../node_modules/@capacitor/haptics`)"
  - "CapacitorKeyboard (from `../../../../../node_modules/@capacitor/keyboard`)"
  - "CapacitorPreferences (from `../../../../../node_modules/@capacitor/preferences`)"
  - CapacitorRateApp (from `../../../../../node_modules/capacitor-rate-app`)
  - "CapacitorShare (from `../../../../../node_modules/@capacitor/share`)"
  - "CapacitorStatusBar (from `../../../../../node_modules/@capacitor/status-bar`)"
  - "CapgoCapacitorUpdater (from `../../../../../node_modules/@capgo/capacitor-updater`)"

SPEC REPOS:
  trunk:
    - Alamofire
    - SSZipArchive
    - Version

EXTERNAL SOURCES:
  Capacitor:
    :path: "../../../../../node_modules/@capacitor/ios"
  CapacitorApp:
    :path: "../../../../../node_modules/@capacitor/app"
  CapacitorAppLauncher:
    :path: "../../../../../node_modules/@capacitor/app-launcher"
  CapacitorCordova:
    :path: "../../../../../node_modules/@capacitor/ios"
  CapacitorFilesystem:
    :path: "../../../../../node_modules/@capacitor/filesystem"
  CapacitorHaptics:
    :path: "../../../../../node_modules/@capacitor/haptics"
  CapacitorKeyboard:
    :path: "../../../../../node_modules/@capacitor/keyboard"
  CapacitorPreferences:
    :path: "../../../../../node_modules/@capacitor/preferences"
  CapacitorRateApp:
    :path: "../../../../../node_modules/capacitor-rate-app"
  CapacitorShare:
    :path: "../../../../../node_modules/@capacitor/share"
  CapacitorStatusBar:
    :path: "../../../../../node_modules/@capacitor/status-bar"
  CapgoCapacitorUpdater:
    :path: "../../../../../node_modules/@capgo/capacitor-updater"

SPEC CHECKSUMS:
  Alamofire: 7193b3b92c74a07f85569e1a6c4f4237291e7496
  Capacitor: c95400d761e376be9da6be5a05f226c0e865cebf
  CapacitorApp: e1e6b7d05e444d593ca16fd6d76f2b7c48b5aea7
  CapacitorAppLauncher: 7c8dfa7797c7817e770d14a526fae62901e5f347
  CapacitorCordova: 8d93e14982f440181be7304aa9559ca631d77fff
  CapacitorFilesystem: 59270a63c60836248812671aa3b15df673fbaf74
  CapacitorHaptics: 4fc15afe22b123d093e6ace24d95e8e3b1f261b9
  CapacitorKeyboard: e89189ad398b815b6ff7e52271f0fb4f911a0a0a
  CapacitorPreferences: f3eadae2369ac3ab8e21743a2959145b0d1286a3
  CapacitorRateApp: 20928fa996851647e912bbf119af59a48a171712
  CapacitorShare: d2a742baec21c8f3b92b361a2fbd2401cdd8288e
  CapacitorStatusBar: b16799a26320ffa52f6c8b01737d5a95bbb8f3eb
  CapgoCapacitorUpdater: e02ba85723479e91d40068f9c11ec42b05fdf020
  SSZipArchive: fe6a26b2a54d5a0890f2567b5cc6de5caa600aef
  Version: de5907f2c5d0f3cf21708db7801d1d5401139486

PODFILE CHECKSUM: 4b7365c8618c7a49e69299a5b766e720d6f077a9

COCOAPODS: 1.16.2
