PODS:
  - Alamofire (5.4.1)
  - Capacitor (5.7.0):
    - CapacitorCordova
  - CapacitorApp (5.0.7):
    - Capacitor
  - CapacitorAppLauncher (5.0.7):
    - Capacitor
  - CapacitorCommunityHttp (1.4.1):
    - Capacitor
  - CapacitorCordova (5.7.0)
  - CapacitorFilesystem (5.1.4):
    - Capacitor
  - CapacitorHaptics (5.0.7):
    - Capacitor
  - CapacitorKeyboard (5.0.7):
    - Capacitor
  - CapacitorPreferences (5.0.7):
    - Capacitor
  - CapacitorRateApp (2.0.0):
    - Capacitor
  - CapacitorShare (5.0.7):
    - Capacitor
  - CapacitorStatusBar (5.0.7):
    - Capacitor
  - CapgoCapacitorUpdater (5.3.57):
    - Alamofire
    - Capacitor
    - SSZipArchive
    - Version
  - SSZipArchive (2.4.3)
  - Version (0.8.0)

DEPENDENCIES:
  - "Capacitor (from `../../../../../node_modules/@capacitor/ios`)"
  - "CapacitorApp (from `../../../../../node_modules/@capacitor/app`)"
  - "CapacitorAppLauncher (from `../../../../../node_modules/@capacitor/app-launcher`)"
  - "CapacitorCommunityHttp (from `../../../../../node_modules/@capacitor-community/http`)"
  - "CapacitorCordova (from `../../../../../node_modules/@capacitor/ios`)"
  - "CapacitorFilesystem (from `../../../../../node_modules/@capacitor/filesystem`)"
  - "CapacitorHaptics (from `../../../../../node_modules/@capacitor/haptics`)"
  - "CapacitorKeyboard (from `../../../../../node_modules/@capacitor/keyboard`)"
  - "CapacitorPreferences (from `../../../../../node_modules/@capacitor/preferences`)"
  - CapacitorRateApp (from `../../../../../node_modules/capacitor-rate-app`)
  - "CapacitorShare (from `../../../../../node_modules/@capacitor/share`)"
  - "CapacitorStatusBar (from `../../../../../node_modules/@capacitor/status-bar`)"
  - "CapgoCapacitorUpdater (from `../../../../../node_modules/@capgo/capacitor-updater`)"

SPEC REPOS:
  trunk:
    - Alamofire
    - SSZipArchive
    - Version

EXTERNAL SOURCES:
  Capacitor:
    :path: "../../../../../node_modules/@capacitor/ios"
  CapacitorApp:
    :path: "../../../../../node_modules/@capacitor/app"
  CapacitorAppLauncher:
    :path: "../../../../../node_modules/@capacitor/app-launcher"
  CapacitorCommunityHttp:
    :path: "../../../../../node_modules/@capacitor-community/http"
  CapacitorCordova:
    :path: "../../../../../node_modules/@capacitor/ios"
  CapacitorFilesystem:
    :path: "../../../../../node_modules/@capacitor/filesystem"
  CapacitorHaptics:
    :path: "../../../../../node_modules/@capacitor/haptics"
  CapacitorKeyboard:
    :path: "../../../../../node_modules/@capacitor/keyboard"
  CapacitorPreferences:
    :path: "../../../../../node_modules/@capacitor/preferences"
  CapacitorRateApp:
    :path: "../../../../../node_modules/capacitor-rate-app"
  CapacitorShare:
    :path: "../../../../../node_modules/@capacitor/share"
  CapacitorStatusBar:
    :path: "../../../../../node_modules/@capacitor/status-bar"
  CapgoCapacitorUpdater:
    :path: "../../../../../node_modules/@capgo/capacitor-updater"

SPEC CHECKSUMS:
  Alamofire: 2291f7d21ca607c491dd17642e5d40fdcda0e65c
  Capacitor: fc155ee2ee45a2093d716f13cf5aa5a865e2d85a
  CapacitorApp: 17fecd0e6cb23feafac7eb0939417389038b0979
  CapacitorAppLauncher: 7b2705481a74cbe322441bd374f56194de59ab1a
  CapacitorCommunityHttp: 7be90668527ef14ee10d08135b0e00fac9cf8247
  CapacitorCordova: e825fce1a2e14e4b5730641c7e098dccf74397b7
  CapacitorFilesystem: af704badfbc69f6f8623d9ed313e5490e3723dcb
  CapacitorHaptics: 7c7c206f0c96a628fed073830c96d28c4b2e772e
  CapacitorKeyboard: ce5e01064cf57a2c05b32565310713b7fe6cc6f9
  CapacitorPreferences: 77ac427e98db83bace772455f8ba447430382c4c
  CapacitorRateApp: cf686bfb12855c28aca913485fead9d3601535f8
  CapacitorShare: c6a1ebbf0114ff9e863b966cd6052678fa25d480
  CapacitorStatusBar: f390fbb49b82ffb754ea4b3cf71dc8b048baf3e7
  CapgoCapacitorUpdater: 8636a221d10697643b5d29a74f7fb3e88ad2457f
  SSZipArchive: fe6a26b2a54d5a0890f2567b5cc6de5caa600aef
  Version: de5907f2c5d0f3cf21708db7801d1d5401139486

PODFILE CHECKSUM: 0ab19c2ff2793d13698b8066eecad7171166e79a

COCOAPODS: 1.12.1
